# This file is automatically @generated by Cargo.
# It is not intended for manual editing.
version = 3

[[package]]
name = "bootloader_uefi"
version = "0.1.0"
dependencies = [
 "r-efi",
]

[[package]]
name = "r-efi"
version = "4.1.0"
source = "registry+https://github.com/rust-lang/crates.io-index"
checksum = "9e7345c622833c6745e7b027a28aa95618813dc1f3c3de396206410267dce6f3"
