# This file is automatically @generated by Cargo.
# It is not intended for manual editing.
version = 3

[[package]]
name = "acpi_system_tables"
version = "0.1.0"

[[package]]
name = "autocfg"
version = "1.1.0"
source = "registry+https://github.com/rust-lang/crates.io-index"
checksum = "d468802bab17cbc0cc575e9b053f41e72aa36bfa6b7f55e3529ffa43161b97fa"

[[package]]
name = "bitmap"
version = "0.1.0"

[[package]]
name = "bootinfo"
version = "0.1.0"
dependencies = [
 "bitmap",
 "x86_64_hardware",
]

[[package]]
name = "bootloader_uefi"
version = "0.1.0"
dependencies = [
 "acpi_system_tables",
 "bitmap",
 "bootinfo",
 "elf",
 "r-efi",
 "x86_64_hardware",
]

[[package]]
name = "elf"
version = "0.1.0"

[[package]]
name = "lock_api"
version = "0.4.9"
source = "registry+https://github.com/rust-lang/crates.io-index"
checksum = "435011366fe56583b16cf956f9df0095b405b82d76425bc8981c0e22e60ec4df"
dependencies = [
 "autocfg",
 "scopeguard",
]

[[package]]
name = "r-efi"
version = "4.1.0"
source = "registry+https://github.com/rust-lang/crates.io-index"
checksum = "9e7345c622833c6745e7b027a28aa95618813dc1f3c3de396206410267dce6f3"

[[package]]
name = "scopeguard"
version = "1.1.0"
source = "registry+https://github.com/rust-lang/crates.io-index"
checksum = "d29ab0c6d3fc0ee92fe66e2d99f700eab17a8d57d1c1d3b748380fb20baa78cd"

[[package]]
name = "spin"
version = "0.9.6"
source = "registry+https://github.com/rust-lang/crates.io-index"
checksum = "b5d6e0250b93c8427a177b849d144a96d5acc57006149479403d7861ab721e34"
dependencies = [
 "lock_api",
]

[[package]]
name = "x86_64_hardware"
version = "0.1.0"
dependencies = [
 "bitmap",
 "spin",
]
